<?xml version="1.0" encoding="utf-8"?>
<Project ToolsVersion="4.0" xmlns="http://schemas.microsoft.com/developer/msbuild/2003">
  <ItemGroup>
    <Filter Include="ソース ファイル">
      <UniqueIdentifier>{4FC737F1-C7A5-4376-A066-2A32D752A2FF}</UniqueIdentifier>
      <Extensions>cpp;c;cc;cxx;c++;cppm;ixx;def;odl;idl;hpj;bat;asm;asmx</Extensions>
    </Filter>
    <Filter Include="リソース ファイル">
      <UniqueIdentifier>{67DA6AB6-F800-4c08-8B7A-83BB121AAD01}</UniqueIdentifier>
      <Extensions>rc;ico;cur;bmp;dlg;rc2;rct;bin;rgs;gif;jpg;jpeg;jpe;resx;tiff;tif;png;wav;mfcribbon-ms</Extensions>
    </Filter>
    <Filter Include="ソース ファイル\game">
      <UniqueIdentifier>{6ed196fb-52a4-483f-a1b1-ad437ac8ceb3}</UniqueIdentifier>
    </Filter>
    <Filter Include="ソース ファイル\game\misc">
      <UniqueIdentifier>{94f62bed-afe3-4f1e-ac30-efa807dd72bf}</UniqueIdentifier>
    </Filter>
    <Filter Include="ソース ファイル\game\debug">
      <UniqueIdentifier>{f4859fca-6ccb-4220-a937-b939c9ebf3fb}</UniqueIdentifier>
    </Filter>
    <Filter Include="ソース ファイル\system">
      <UniqueIdentifier>{943d6393-8ae6-4b44-8ca0-ea6f5931b9f9}</UniqueIdentifier>
    </Filter>
    <Filter Include="ソース ファイル\system\ヘッダー ファイル">
      <UniqueIdentifier>{93995380-89BD-4b04-88EB-625FBE52EBFB}</UniqueIdentifier>
      <Extensions>h;hh;hpp;hxx;h++;hm;inl;inc;ipp;xsd</Extensions>
    </Filter>
    <Filter Include="ソース ファイル\system\ヘッダー ファイル\game">
      <UniqueIdentifier>{5eee7dec-99df-4266-8aac-01b4033554df}</UniqueIdentifier>
    </Filter>
    <Filter Include="ソース ファイル\system\ヘッダー ファイル\game\misc">
      <UniqueIdentifier>{eba00608-ba9e-45e8-b33e-414c6aabaf86}</UniqueIdentifier>
    </Filter>
    <Filter Include="ソース ファイル\system\ヘッダー ファイル\game\debug">
      <UniqueIdentifier>{8fc08937-407a-4634-bd55-8322e28ee4f6}</UniqueIdentifier>
    </Filter>
    <Filter Include="ソース ファイル\system\ヘッダー ファイル\game\system">
      <UniqueIdentifier>{b601042b-4cff-4b38-85cd-868abe504c2d}</UniqueIdentifier>
    </Filter>
  </ItemGroup>
  <ItemGroup>
    <ClCompile Include="Src\debugproc.cpp">
      <Filter>ソース ファイル\system</Filter>
    </ClCompile>
    <ClCompile Include="Src\input.cpp">
      <Filter>ソース ファイル\system</Filter>
    </ClCompile>
    <ClCompile Include="Src\main.cpp">
      <Filter>ソース ファイル\system</Filter>
    </ClCompile>
    <ClCompile Include="Src\bullet.cpp">
      <Filter>ソース ファイル\game</Filter>
    </ClCompile>
    <ClCompile Include="Src\effect_sand.cpp">
      <Filter>ソース ファイル\game</Filter>
    </ClCompile>
    <ClCompile Include="Src\enemy.cpp">
      <Filter>ソース ファイル\game</Filter>
    </ClCompile>
    <ClCompile Include="Src\game.cpp">
      <Filter>ソース ファイル\game</Filter>
    </ClCompile>
    <ClCompile Include="Src\object.cpp">
      <Filter>ソース ファイル\game</Filter>
    </ClCompile>
    <ClCompile Include="Src\player.cpp">
      <Filter>ソース ファイル\game</Filter>
    </ClCompile>
    <ClCompile Include="Src\sea.cpp">
      <Filter>ソース ファイル\game</Filter>
    </ClCompile>
    <ClCompile Include="Src\explosion.cpp">
      <Filter>ソース ファイル\game</Filter>
    </ClCompile>
    <ClCompile Include="Src\item.cpp">
      <Filter>ソース ファイル\game</Filter>
    </ClCompile>
    <ClCompile Include="Src\camera.cpp">
      <Filter>ソース ファイル\game\misc</Filter>
    </ClCompile>
    <ClCompile Include="Src\collision.cpp">
      <Filter>ソース ファイル\game\misc</Filter>
    </ClCompile>
    <ClCompile Include="Src\light.cpp">
      <Filter>ソース ファイル\game\misc</Filter>
    </ClCompile>
    <ClCompile Include="Src\visible_box.cpp">
      <Filter>ソース ファイル\game\debug</Filter>
    </ClCompile>
    <ClCompile Include="Src\visible_sph.cpp">
      <Filter>ソース ファイル\game\debug</Filter>
    </ClCompile>
    <ClCompile Include="Src\TEST.cpp">
      <Filter>ソース ファイル\game\debug</Filter>
    </ClCompile>
    <ClCompile Include="Src\editcamera.cpp">
      <Filter>ソース ファイル\game\debug</Filter>
    </ClCompile>
    <ClCompile Include="Src\effect.cpp">
      <Filter>ソース ファイル\game</Filter>
    </ClCompile>
    <ClCompile Include="Src\effect_hayu.cpp">
      <Filter>ソース ファイル\game</Filter>
    </ClCompile>
    <ClCompile Include="Src\reticle.cpp">
      <Filter>ソース ファイル\game</Filter>
    </ClCompile>
    <ClCompile Include="Src\sky.cpp">
      <Filter>ソース ファイル\game</Filter>
    </ClCompile>
    <ClCompile Include="Src\boss.cpp">
      <Filter>ソース ファイル\game</Filter>
    </ClCompile>
    <ClCompile Include="Src\sound.cpp">
      <Filter>ソース ファイル\game</Filter>
    </ClCompile>
    <ClCompile Include="TEST_tutorial.cpp">
      <Filter>ソース ファイル\system</Filter>
    </ClCompile>
    <ClCompile Include="TEST_title.cpp">
      <Filter>ソース ファイル\system</Filter>
    </ClCompile>
    <ClCompile Include="TEST_result.cpp">
      <Filter>ソース ファイル\system</Filter>
    </ClCompile>
    <ClCompile Include="TEST_fade.cpp">
      <Filter>ソース ファイル\system</Filter>
    </ClCompile>
  </ItemGroup>
  <ItemGroup>
    <ClInclude Include="Src\debugproc.h">
      <Filter>ソース ファイル\system\ヘッダー ファイル\game\system</Filter>
    </ClInclude>
    <ClInclude Include="Src\bullet.h">
      <Filter>ソース ファイル\system\ヘッダー ファイル\game</Filter>
    </ClInclude>
    <ClInclude Include="Src\enemy.h">
      <Filter>ソース ファイル\system\ヘッダー ファイル\game</Filter>
    </ClInclude>
    <ClInclude Include="Src\game.h">
      <Filter>ソース ファイル\system\ヘッダー ファイル\game</Filter>
    </ClInclude>
    <ClInclude Include="Src\item.h">
      <Filter>ソース ファイル\system\ヘッダー ファイル\game</Filter>
    </ClInclude>
    <ClInclude Include="Src\explosion.h">
      <Filter>ソース ファイル\system\ヘッダー ファイル\game</Filter>
    </ClInclude>
    <ClInclude Include="Src\editcamera.h">
      <Filter>ソース ファイル\system\ヘッダー ファイル\game\debug</Filter>
    </ClInclude>
    <ClInclude Include="Src\collision.h">
      <Filter>ソース ファイル\system\ヘッダー ファイル\game\misc</Filter>
    </ClInclude>
    <ClInclude Include="Src\camera.h">
      <Filter>ソース ファイル\system\ヘッダー ファイル\game\misc</Filter>
    </ClInclude>
    <ClInclude Include="Src\input.h">
      <Filter>ソース ファイル\system\ヘッダー ファイル\game\system</Filter>
    </ClInclude>
    <ClInclude Include="Src\sound.h">
      <Filter>ソース ファイル\system\ヘッダー ファイル\game\system</Filter>
    </ClInclude>
    <ClInclude Include="Src\main.h">
      <Filter>ソース ファイル\system\ヘッダー ファイル\game\system</Filter>
    </ClInclude>
    <ClInclude Include="Src\sea.h">
      <Filter>ソース ファイル\system\ヘッダー ファイル\game</Filter>
    </ClInclude>
    <ClInclude Include="Src\object.h">
      <Filter>ソース ファイル\system\ヘッダー ファイル\game</Filter>
    </ClInclude>
    <ClInclude Include="Src\effect_sand.h">
      <Filter>ソース ファイル\system\ヘッダー ファイル\game</Filter>
    </ClInclude>
    <ClInclude Include="Src\player.h">
      <Filter>ソース ファイル\system\ヘッダー ファイル\game</Filter>
    </ClInclude>
    <ClInclude Include="Src\TEST.h">
      <Filter>ソース ファイル\system\ヘッダー ファイル\game\debug</Filter>
    </ClInclude>
    <ClInclude Include="Src\visible_box.h">
      <Filter>ソース ファイル\system\ヘッダー ファイル\game\debug</Filter>
    </ClInclude>
    <ClInclude Include="Src\visible_sph.h">
      <Filter>ソース ファイル\system\ヘッダー ファイル\game\debug</Filter>
    </ClInclude>
    <ClInclude Include="Src\light.h">
      <Filter>ソース ファイル\system\ヘッダー ファイル\game\misc</Filter>
    </ClInclude>
    <ClInclude Include="Src\effect.h">
      <Filter>ソース ファイル\system\ヘッダー ファイル\game</Filter>
    </ClInclude>
    <ClInclude Include="Src\boss.h">
      <Filter>ソース ファイル\system\ヘッダー ファイル</Filter>
    </ClInclude>
    <ClInclude Include="Src\effect_hayu.h">
      <Filter>ソース ファイル\system\ヘッダー ファイル\game</Filter>
    </ClInclude>
    <ClInclude Include="Src\reticle.h">
      <Filter>ソース ファイル\system\ヘッダー ファイル\game</Filter>
    </ClInclude>
    <ClInclude Include="Src\sky.h">
      <Filter>ソース ファイル\system\ヘッダー ファイル\game</Filter>
    </ClInclude>
    <ClInclude Include="TEST_fade.h">
      <Filter>ソース ファイル\system\ヘッダー ファイル\game\system</Filter>
    </ClInclude>
    <ClInclude Include="TEST_result.h">
      <Filter>ソース ファイル\system\ヘッダー ファイル\game\system</Filter>
    </ClInclude>
    <ClInclude Include="TEST_title.h">
      <Filter>ソース ファイル\system\ヘッダー ファイル\game\system</Filter>
    </ClInclude>
    <ClInclude Include="TEST_tutorial.h">
      <Filter>ソース ファイル\system\ヘッダー ファイル\game\system</Filter>
    </ClInclude>
  </ItemGroup>
</Project>